{
  "R": {
    "Version": "4.0.0",
    "Repositories": [
      {
        "Name": "CRAN",
        "URL": "https://cloud.r-project.org"
      }
    ]
  },
  "Packages": {
    "BH": {
      "Package": "BH",
      "Version": "1.72.0-3",
      "Source": "Repository",
      "Repository": "CRAN",
      "Hash": "8f9ce74c6417d61f0782cbae5fd2b7b0"
    },
    "DBI": {
      "Package": "DBI",
      "Version": "1.1.0",
      "Source": "Repository",
      "Repository": "CRAN",
      "Hash": "4744be45519d675af66c28478720fce5"
    },
    "MASS": {
      "Package": "MASS",
      "Version": "7.3-51.6",
      "Source": "Repository",
      "Repository": "CRAN",
      "Hash": "1dad32ac9dbd8057167b2979fb932ff7"
    },
    "Matrix": {
      "Package": "Matrix",
      "Version": "1.2-18",
      "Source": "Repository",
      "Repository": "CRAN",
      "Hash": "08588806cba69f04797dab50627428ed"
    },
    "R6": {
      "Package": "R6",
      "Version": "2.4.1",
      "Source": "Repository",
      "Repository": "CRAN",
      "Hash": "292b54f8f4b94669b08f94e5acce6be2"
    },
    "RColorBrewer": {
      "Package": "RColorBrewer",
      "Version": "1.1-2",
      "Source": "CRAN",
      "Repository": "CRAN",
      "RemoteType": "standard",
      "RemoteRef": "RColorBrewer",
      "RemoteRepos": "https://cran.rstudio.com",
      "RemotePkgType": "macos",
      "RemoteSha": "1.1-2",
      "Hash": "e031418365a7f7a766181ab5a41a5716"
    },
    "Rcpp": {
      "Package": "Rcpp",
      "Version": "1.0.5",
      "Source": "Repository",
      "Repository": "CRAN",
      "Hash": "125dc7a0ed375eb68c0ce533b48d291f"
    },
    "askpass": {
      "Package": "askpass",
      "Version": "1.1",
      "Source": "CRAN",
      "Repository": "CRAN",
      "RemoteType": "standard",
      "RemoteRef": "askpass",
      "RemoteRepos": "https://cran.rstudio.com",
      "RemotePkgType": "macos",
      "RemoteSha": "1.1",
      "Hash": "e8a22846fff485f0be3770c2da758713"
    },
    "assertthat": {
      "Package": "assertthat",
      "Version": "0.2.1",
      "Source": "Repository",
      "Repository": "CRAN",
      "Hash": "50c838a310445e954bc13f26f26a6ecf"
    },
    "backports": {
      "Package": "backports",
      "Version": "1.1.10",
      "Source": "Repository",
      "Repository": "CRAN",
      "Hash": "05ffd2d4acb51aee70f1de68ad7a6aed"
    },
    "base64enc": {
      "Package": "base64enc",
      "Version": "0.1-3",
      "Source": "Repository",
      "Repository": "CRAN",
      "Hash": "543776ae6848fde2f48ff3816d0628bc"
    },
    "base64url": {
      "Package": "base64url",
      "Version": "1.4",
      "Source": "CRAN",
      "Repository": "CRAN",
      "RemoteType": "standard",
      "RemoteRef": "base64url",
      "RemoteRepos": "https://cran.rstudio.com",
      "RemotePkgType": "macos",
      "RemoteSha": "1.4",
      "Hash": "0c54cf3a08cc0e550fbd64ad33166143"
    },
    "blob": {
      "Package": "blob",
      "Version": "1.2.1",
      "Source": "Repository",
      "Repository": "CRAN",
      "Hash": "9addc7e2c5954eca5719928131fed98c"
    },
    "broom": {
      "Package": "broom",
      "Version": "0.7.0",
      "Source": "Repository",
      "Repository": "CRAN",
      "Hash": "2ca5ae42f3bfd149504d63c833c2be26"
    },
    "callr": {
      "Package": "callr",
      "Version": "3.4.4",
      "Source": "Repository",
      "Repository": "CRAN",
      "Hash": "e56fe17ffeddfdcfcef40981e41e1c40"
    },
    "cellranger": {
      "Package": "cellranger",
      "Version": "1.1.0",
      "Source": "CRAN",
      "Repository": "CRAN",
      "RemoteType": "standard",
      "RemoteRef": "cellranger",
      "RemoteRepos": "https://cran.rstudio.com",
      "RemotePkgType": "macos",
      "RemoteSha": "1.1.0",
      "Hash": "f61dbaec772ccd2e17705c1e872e9e7c"
    },
    "cli": {
      "Package": "cli",
      "Version": "2.0.2",
      "Source": "Repository",
      "Repository": "CRAN",
      "Hash": "ff0becff7bfdfe3f75d29aff8f3172dd"
    },
    "clipr": {
      "Package": "clipr",
      "Version": "0.7.0",
      "Source": "CRAN",
      "Repository": "CRAN",
      "RemoteType": "standard",
      "RemoteRef": "clipr",
      "RemoteRepos": "https://cran.rstudio.com",
      "RemotePkgType": "macos",
      "RemoteSha": "0.7.0",
      "Hash": "08cf4045c149a0f0eaf405324c7495bd"
    },
    "colorspace": {
      "Package": "colorspace",
      "Version": "1.4-1",
      "Source": "CRAN",
      "Repository": "CRAN",
      "RemoteType": "standard",
      "RemoteRef": "colorspace",
      "RemoteRepos": "https://cran.rstudio.com",
      "RemotePkgType": "macos",
      "RemoteSha": "1.4-1",
      "Hash": "6b436e95723d1f0e861224dd9b094dfb"
    },
    "conflicted": {
      "Package": "conflicted",
      "Version": "1.0.4",
      "Source": "CRAN",
      "Repository": "CRAN",
      "RemoteType": "standard",
      "RemoteRef": "conflicted",
      "RemoteRepos": "https://cran.rstudio.com",
      "RemotePkgType": "macos",
      "RemoteSha": "1.0.4",
      "Hash": "43c5107cc96f47043a56736768ecc59d"
    },
    "cpp11": {
      "Package": "cpp11",
      "Version": "0.2.1",
      "Source": "Repository",
      "Repository": "CRAN",
      "Hash": "c4c83167f43ca762a9fa998d4fead3ae"
    },
    "crayon": {
      "Package": "crayon",
      "Version": "1.3.4",
      "Source": "Repository",
      "Repository": "CRAN",
      "Hash": "0d57bc8e27b7ba9e45dba825ebc0de6b"
    },
    "curl": {
      "Package": "curl",
      "Version": "4.3",
      "Source": "Repository",
      "Repository": "CRAN",
      "Hash": "2b7d10581cc730804e9ed178c8374bd6"
    },
    "dbplyr": {
      "Package": "dbplyr",
      "Version": "1.4.4",
      "Source": "Repository",
      "Repository": "CRAN",
      "Hash": "2ba60a82dd9b6ca3cee0d8e2574cdf0e"
    },
    "desc": {
      "Package": "desc",
      "Version": "1.2.0",
      "Source": "Repository",
      "Repository": "CRAN",
      "Hash": "6c8fe8fa26a23b79949375d372c7b395"
    },
    "digest": {
      "Package": "digest",
      "Version": "0.6.25",
      "Source": "Repository",
      "Repository": "CRAN",
      "Hash": "f697db7d92b7028c4b3436e9603fb636"
    },
    "dplyr": {
      "Package": "dplyr",
      "Version": "1.0.2",
      "Source": "Repository",
      "Repository": "CRAN",
      "Hash": "d0509913b27ea898189ee664b6030dc2"
    },
    "drake": {
      "Package": "drake",
      "Version": "7.12.5",
      "Source": "Repository",
      "Repository": "CRAN",
      "Hash": "916fd9a49057e14743188e5adc49e506"
    },
    "ellipsis": {
      "Package": "ellipsis",
      "Version": "0.3.1",
      "Source": "Repository",
      "Repository": "CRAN",
      "Hash": "fd2844b3a43ae2d27e70ece2df1b4e2a"
    },
    "evaluate": {
      "Package": "evaluate",
      "Version": "0.14",
      "Source": "CRAN",
      "Repository": "CRAN",
      "RemoteType": "standard",
      "RemoteRef": "evaluate",
      "RemoteRepos": "https://cran.rstudio.com",
      "RemotePkgType": "macos",
      "RemoteSha": "0.14",
      "Hash": "ec8ca05cffcc70569eaaad8469d2a3a7"
    },
    "fansi": {
      "Package": "fansi",
      "Version": "0.4.1",
      "Source": "Repository",
      "Repository": "CRAN",
      "Hash": "7fce217eaaf8016e72065e85c73027b5"
    },
    "farver": {
      "Package": "farver",
      "Version": "2.0.3",
      "Source": "Repository",
      "Repository": "CRAN",
      "Hash": "dad6793a5a1f73c8e91f1a1e3e834b05"
    },
    "filelock": {
      "Package": "filelock",
      "Version": "1.0.2",
      "Source": "Repository",
      "Repository": "CRAN",
      "Hash": "38ec653c2613bed60052ba3787bd8a2c"
    },
    "forcats": {
      "Package": "forcats",
      "Version": "0.5.0",
      "Source": "Repository",
      "Repository": "CRAN",
      "Hash": "1cb4279e697650f0bd78cd3601ee7576"
    },
    "fs": {
      "Package": "fs",
      "Version": "1.5.0",
      "Source": "Repository",
      "Repository": "CRAN",
      "Hash": "44594a07a42e5f91fac9f93fda6d0109"
    },
    "generics": {
      "Package": "generics",
      "Version": "0.0.2",
      "Source": "CRAN",
      "Repository": "CRAN",
      "RemoteType": "standard",
      "RemoteRef": "generics",
      "RemoteRepos": "https://cran.rstudio.com",
      "RemotePkgType": "macos",
      "RemoteSha": "0.0.2",
      "Hash": "b8cff1d1391fd1ad8b65877f4c7f2e53"
    },
    "ggplot2": {
      "Package": "ggplot2",
      "Version": "3.3.2",
      "Source": "Repository",
      "Repository": "CRAN",
      "Hash": "4ded8b439797f7b1693bd3d238d0106b"
    },
    "glue": {
      "Package": "glue",
      "Version": "1.4.2",
      "Source": "Repository",
      "Repository": "CRAN",
      "Hash": "6efd734b14c6471cfe443345f3e35e29"
    },
    "gtable": {
      "Package": "gtable",
      "Version": "0.3.0",
      "Source": "CRAN",
      "Repository": "CRAN",
      "RemoteType": "standard",
      "RemoteRef": "gtable",
      "RemoteRepos": "https://cran.rstudio.com",
      "RemotePkgType": "macos",
      "RemoteSha": "0.3.0",
      "Hash": "ac5c6baf7822ce8732b343f14c072c4d"
    },
    "haven": {
      "Package": "haven",
      "Version": "2.3.1",
      "Source": "Repository",
      "Repository": "CRAN",
      "Hash": "221d0ad75dfa03ebf17b1a4cc5c31dfc"
    },
    "here": {
      "Package": "here",
      "Version": "0.1",
      "Source": "CRAN",
      "Repository": "CRAN",
      "RemoteType": "standard",
      "RemoteRef": "here",
      "RemoteRepos": "https://cran.rstudio.com",
      "RemotePkgType": "macos",
      "RemoteSha": "0.1",
      "Hash": "2c0406b8e0a4c3516ab37be62da74e3c"
    },
    "highr": {
      "Package": "highr",
      "Version": "0.8",
      "Source": "CRAN",
      "Repository": "CRAN",
      "RemoteType": "standard",
      "RemoteRef": "highr",
      "RemoteRepos": "https://cran.rstudio.com",
      "RemotePkgType": "macos",
      "RemoteSha": "0.8",
      "Hash": "4dc5bb88961e347a0f4d8aad597cbfac"
    },
    "hms": {
      "Package": "hms",
      "Version": "0.5.3",
      "Source": "Repository",
      "Repository": "CRAN",
      "Hash": "726671f634529d470545f9fd1a9d1869"
    },
    "htmltools": {
      "Package": "htmltools",
      "Version": "0.5.0",
      "Source": "Repository",
      "Repository": "CRAN",
      "Hash": "7d651b7131794fe007b1ad6f21aaa401"
    },
    "htmlwidgets": {
      "Package": "htmlwidgets",
      "Version": "1.5.1",
      "Source": "Repository",
      "Repository": "CRAN",
      "Hash": "41bace23583fbc25089edae324de2dc3"
    },
    "httr": {
      "Package": "httr",
      "Version": "1.4.2",
      "Source": "Repository",
      "Repository": "CRAN",
      "Hash": "a525aba14184fec243f9eaec62fbed43"
    },
    "igraph": {
      "Package": "igraph",
      "Version": "1.2.5",
      "Source": "Repository",
      "Repository": "CRAN",
      "Hash": "3878c30ce67cdb7f2d7f72554e37f476"
    },
    "isoband": {
      "Package": "isoband",
      "Version": "0.2.2",
      "Source": "Repository",
      "Repository": "CRAN",
      "Hash": "6e58bd3d6b3dd82a944cd6f05ade228f"
    },
    "jsonlite": {
      "Package": "jsonlite",
      "Version": "1.7.1",
      "Source": "Repository",
      "Repository": "CRAN",
      "Hash": "1ec84e070b88b37ed169f19def40d47c"
    },
    "knitr": {
      "Package": "knitr",
      "Version": "1.29",
      "Source": "Repository",
      "Repository": "CRAN",
      "Hash": "e5f4c41c17df8cdf7b0df12117c0d99a"
    },
    "labeling": {
      "Package": "labeling",
      "Version": "0.3",
      "Source": "CRAN",
      "Repository": "CRAN",
      "RemoteType": "standard",
      "RemoteRef": "labeling",
      "RemoteRepos": "https://cran.rstudio.com",
      "RemotePkgType": "macos",
      "RemoteSha": "0.3",
      "Hash": "73832978c1de350df58108c745ed0e3e"
    },
    "lattice": {
      "Package": "lattice",
      "Version": "0.20-41",
      "Source": "Repository",
      "Repository": "CRAN",
      "Hash": "fbd9285028b0263d76d18c95ae51a53d"
    },
    "lifecycle": {
      "Package": "lifecycle",
      "Version": "0.2.0",
      "Source": "Repository",
      "Repository": "CRAN",
      "Hash": "361811f31f71f8a617a9a68bf63f1f42"
    },
    "lubridate": {
      "Package": "lubridate",
      "Version": "1.7.9",
      "Source": "Repository",
      "Repository": "CRAN",
      "Hash": "fc1c91e2e8d9e1fc932e75aa1ed989b7"
    },
    "magrittr": {
      "Package": "magrittr",
      "Version": "1.5",
      "Source": "Repository",
      "Repository": "CRAN",
      "Hash": "1bb58822a20301cee84a41678e25d9b7"
    },
    "markdown": {
      "Package": "markdown",
      "Version": "1.1",
      "Source": "CRAN",
      "Repository": "CRAN",
      "RemoteType": "standard",
      "RemoteRef": "markdown",
      "RemoteRepos": "https://cran.rstudio.com",
      "RemotePkgType": "macos",
      "RemoteSha": "1.1",
      "Hash": "61e4a10781dd00d7d81dd06ca9b94e95"
    },
    "memoise": {
      "Package": "memoise",
      "Version": "1.1.0",
      "Source": "CRAN",
      "Repository": "CRAN",
      "RemoteType": "standard",
      "RemoteRef": "memoise",
      "RemoteRepos": "https://cran.rstudio.com",
      "RemotePkgType": "macos",
      "RemoteSha": "1.1.0",
      "Hash": "58baa74e4603fcfb9a94401c58c8f9b1"
    },
    "mgcv": {
      "Package": "mgcv",
      "Version": "1.8-31",
      "Source": "Repository",
      "Repository": "CRAN",
      "Hash": "4bb7e0c4f3557583e1e8d3c9ffb8ba5c"
    },
    "mime": {
      "Package": "mime",
      "Version": "0.9",
      "Source": "Repository",
      "Repository": "CRAN",
      "Hash": "e87a35ec73b157552814869f45a63aa3"
    },
    "modelr": {
      "Package": "modelr",
      "Version": "0.1.8",
      "Source": "Repository",
      "Repository": "CRAN",
      "Hash": "9fd59716311ee82cba83dc2826fc5577"
    },
    "munsell": {
      "Package": "munsell",
      "Version": "0.5.0",
      "Source": "CRAN",
      "Repository": "CRAN",
      "RemoteType": "standard",
      "RemoteRef": "munsell",
      "RemoteRepos": "https://cran.rstudio.com",
      "RemotePkgType": "macos",
      "RemoteSha": "0.5.0",
      "Hash": "6dfe8bf774944bd5595785e3229d8771"
    },
    "nlme": {
      "Package": "nlme",
      "Version": "3.1-148",
      "Source": "Repository",
      "Repository": "CRAN",
      "Hash": "662f52871983ff3e3ef042c62de126df"
    },
    "openssl": {
      "Package": "openssl",
      "Version": "1.4.3",
      "Source": "Repository",
      "Repository": "CRAN",
      "Hash": "a399e4773075fc2375b71f45fca186c4"
    },
    "pillar": {
      "Package": "pillar",
      "Version": "1.4.6",
      "Source": "Repository",
      "Repository": "CRAN",
      "Hash": "bdf26e55ccb7df3e49a490150277f002"
    },
    "pkgbuild": {
      "Package": "pkgbuild",
      "Version": "1.1.0",
      "Source": "Repository",
      "Repository": "CRAN",
      "Hash": "404684bc4e3685007f9720adf13b06c1"
    },
    "pkgconfig": {
      "Package": "pkgconfig",
      "Version": "2.0.3",
      "Source": "Repository",
      "Repository": "CRAN",
      "Hash": "01f28d4278f15c76cddbea05899c5d6f"
    },
    "pkgload": {
      "Package": "pkgload",
      "Version": "1.1.0",
      "Source": "Repository",
      "Repository": "CRAN",
      "Hash": "b6b150cd4709e0c0c9b5d51ac4376282"
    },
    "praise": {
      "Package": "praise",
      "Version": "1.0.0",
      "Source": "Repository",
      "Repository": "CRAN",
      "Hash": "a555924add98c99d2f411e37e7d25e9f"
    },
    "prettyunits": {
      "Package": "prettyunits",
      "Version": "1.1.1",
      "Source": "Repository",
      "Repository": "CRAN",
      "Hash": "95ef9167b75dde9d2ccc3c7528393e7e"
    },
    "processx": {
      "Package": "processx",
      "Version": "3.4.4",
      "Source": "Repository",
      "Repository": "CRAN",
      "Hash": "03446ed0b8129916f73676726cb3c48f"
    },
    "progress": {
      "Package": "progress",
      "Version": "1.2.2",
      "Source": "Repository",
      "Repository": "CRAN",
      "Hash": "14dc9f7a3c91ebb14ec5bb9208a07061"
    },
    "ps": {
      "Package": "ps",
      "Version": "1.3.4",
      "Source": "Repository",
      "Repository": "CRAN",
      "Hash": "a54a7dfd68124abb2225dbfa9a85c457"
    },
    "purrr": {
      "Package": "purrr",
      "Version": "0.3.4",
      "Source": "Repository",
      "Repository": "CRAN",
      "Hash": "97def703420c8ab10d8f0e6c72101e02"
    },
    "reactR": {
      "Package": "reactR",
      "Version": "0.4.3",
      "Source": "Repository",
      "Repository": "CRAN",
      "Hash": "85d50afbf95bf92bda97e9417575e8ff"
    },
    "reactable": {
      "Package": "reactable",
      "Version": "0.2.2",
      "Source": "Repository",
      "Repository": "CRAN",
      "Hash": "31b911f5231ea795b79fdde51644035e"
    },
    "readr": {
      "Package": "readr",
      "Version": "1.3.1",
      "Source": "CRAN",
      "Repository": "CRAN",
      "RemoteType": "standard",
      "RemoteRef": "readr",
      "RemoteRepos": "https://cran.rstudio.com",
      "RemotePkgType": "macos",
      "RemoteSha": "1.3.1",
      "Hash": "af8ab99cd936773a148963905736907b"
    },
    "readxl": {
      "Package": "readxl",
      "Version": "1.3.1",
      "Source": "CRAN",
      "Repository": "CRAN",
      "RemoteType": "standard",
      "RemoteRef": "readxl",
      "RemoteRepos": "https://cran.rstudio.com",
      "RemotePkgType": "macos",
      "RemoteSha": "1.3.1",
      "Hash": "63537c483c2dbec8d9e3183b3735254a"
    },
    "rematch": {
      "Package": "rematch",
      "Version": "1.0.1",
      "Source": "CRAN",
      "Repository": "CRAN",
      "RemoteType": "standard",
      "RemoteRef": "rematch",
      "RemoteRepos": "https://cran.rstudio.com",
      "RemotePkgType": "macos",
      "RemoteSha": "1.0.1",
      "Hash": "c66b930d20bb6d858cd18e1cebcfae5c"
    },
    "renv": {
      "Package": "renv",
      "Version": "0.11.0",
      "Source": "Repository",
      "Repository": "CRAN",
      "Hash": "1c3ef87cbb81c23ac96797781ec7aecc"
    },
    "reprex": {
      "Package": "reprex",
      "Version": "0.3.0",
      "Source": "CRAN",
      "Repository": "CRAN",
      "RemoteType": "standard",
      "RemoteRef": "reprex",
      "RemoteRepos": "https://cran.rstudio.com",
      "RemotePkgType": "macos",
      "RemoteSha": "0.3.0",
      "Hash": "b06bfb3504cc8a4579fd5567646f745b"
    },
    "rlang": {
      "Package": "rlang",
      "Version": "0.4.7",
      "Source": "Repository",
      "Repository": "CRAN",
      "Hash": "c06d2a6887f4b414f8e927afd9ee976a"
    },
    "rmarkdown": {
      "Package": "rmarkdown",
      "Version": "2.3",
      "Source": "Repository",
      "Repository": "CRAN",
      "Hash": "202260e1b2c410edc086d5b8f1ed946e"
    },
    "rprojroot": {
      "Package": "rprojroot",
      "Version": "1.3-2",
      "Source": "Repository",
      "Repository": "CRAN",
      "Hash": "f6a407ae5dd21f6f80a6708bbb6eb3ae"
    },
    "rstudioapi": {
      "Package": "rstudioapi",
      "Version": "0.11",
      "Source": "Repository",
      "Repository": "CRAN",
      "Hash": "33a5b27a03da82ac4b1d43268f80088a"
    },
    "rvest": {
      "Package": "rvest",
      "Version": "0.3.6",
      "Source": "Repository",
      "Repository": "CRAN",
      "Hash": "a9795ccb2d608330e841998b67156764"
    },
    "scales": {
      "Package": "scales",
      "Version": "1.1.1",
      "Source": "Repository",
      "Repository": "CRAN",
      "Hash": "6f76f71042411426ec8df6c54f34e6dd"
    },
    "selectr": {
      "Package": "selectr",
      "Version": "0.4-2",
      "Source": "Repository",
      "Repository": "CRAN",
      "Hash": "3838071b66e0c566d55cc26bd6e27bf4"
    },
    "storr": {
      "Package": "storr",
      "Version": "1.2.1",
      "Source": "CRAN",
      "Repository": "CRAN",
      "RemoteType": "standard",
      "RemoteRef": "storr",
      "RemoteRepos": "https://cran.rstudio.com",
      "RemotePkgType": "macos",
      "RemoteSha": "1.2.1",
      "Hash": "0a3635220b58f2c2faccd78e97b0cafd"
    },
    "stringi": {
      "Package": "stringi",
      "Version": "1.5.3",
      "Source": "Repository",
      "Repository": "CRAN",
      "Hash": "a063ebea753c92910a4cca7b18bc1f05"
    },
    "stringr": {
      "Package": "stringr",
      "Version": "1.4.0",
      "Source": "Repository",
      "Repository": "CRAN",
      "Hash": "0759e6b6c0957edb1311028a49a35e76"
    },
    "sys": {
      "Package": "sys",
      "Version": "3.4",
      "Source": "Repository",
      "Repository": "CRAN",
      "Hash": "b227d13e29222b4574486cfcbde077fa"
    },
    "testthat": {
      "Package": "testthat",
      "Version": "2.3.2",
      "Source": "Repository",
      "Repository": "CRAN",
      "Hash": "0829b987b8961fb07f3b1b64a2fbc495"
    },
    "tibble": {
      "Package": "tibble",
      "Version": "3.0.3",
      "Source": "Repository",
      "Repository": "CRAN",
      "Hash": "08bd36bd34b20d4f7971d49e81deaab0"
    },
    "tidyr": {
      "Package": "tidyr",
      "Version": "1.1.2",
      "Source": "Repository",
      "Repository": "CRAN",
      "Hash": "c40b2d5824d829190f4b825f4496dfae"
    },
    "tidyselect": {
      "Package": "tidyselect",
      "Version": "1.1.0",
      "Source": "Repository",
      "Repository": "CRAN",
      "Hash": "6ea435c354e8448819627cf686f66e0a"
    },
    "tidyverse": {
      "Package": "tidyverse",
      "Version": "1.3.0",
      "Source": "Repository",
      "Repository": "CRAN",
      "Hash": "bd51be662f359fa99021f3d51e911490"
    },
    "tinytex": {
      "Package": "tinytex",
      "Version": "0.26",
      "Source": "Repository",
      "Repository": "CRAN",
      "Hash": "db6477efcfbffcd9b3758c3c2882cf58"
    },
    "txtq": {
      "Package": "txtq",
      "Version": "0.2.3",
      "Source": "Repository",
      "Repository": "CRAN",
      "Hash": "38a421b8003ba704b5b8471e6c3762a7"
    },
    "utf8": {
      "Package": "utf8",
      "Version": "1.1.4",
      "Source": "Repository",
      "Repository": "CRAN",
      "Hash": "4a5081acfb7b81a572e4384a7aaf2af1"
    },
    "vctrs": {
      "Package": "vctrs",
      "Version": "0.3.4",
      "Source": "Repository",
      "Repository": "CRAN",
      "Hash": "0bc90078aeee42f2520b1d0a33bd6758"
    },
    "viridisLite": {
      "Package": "viridisLite",
      "Version": "0.3.0",
      "Source": "CRAN",
      "Repository": "CRAN",
      "RemoteType": "standard",
      "RemoteRef": "viridisLite",
      "RemoteRepos": "https://cran.rstudio.com",
      "RemotePkgType": "macos",
      "RemoteSha": "0.3.0",
      "Hash": "ce4f6271baa94776db692f1cb2055bee"
    },
    "whisker": {
      "Package": "whisker",
      "Version": "0.4",
      "Source": "CRAN",
      "Repository": "CRAN",
      "RemoteType": "standard",
      "RemoteRef": "whisker",
      "RemoteRepos": "https://cran.rstudio.com",
      "RemotePkgType": "macos",
      "RemoteSha": "0.4",
      "Hash": "ca970b96d894e90397ed20637a0c1bbe"
    },
    "withr": {
      "Package": "withr",
      "Version": "2.2.0",
      "Source": "Repository",
      "Repository": "CRAN",
      "Hash": "ecd17882a0b4419545691e095b74ee89"
    },
    "xfun": {
      "Package": "xfun",
      "Version": "0.17",
      "Source": "Repository",
      "Repository": "CRAN",
      "Hash": "5016afba2a931ac92bbb3c6feb03d2c8"
    },
    "xml2": {
      "Package": "xml2",
      "Version": "1.3.2",
      "Source": "Repository",
      "Repository": "CRAN",
      "Hash": "d4d71a75dd3ea9eb5fa28cc21f9585e2"
    },
    "yaml": {
      "Package": "yaml",
      "Version": "2.2.1",
      "Source": "Repository",
      "Repository": "CRAN",
      "Hash": "2826c5d9efb0a88f657c7a679c7106db"
    }
  }
}
